// !$*UTF8*$!
{
	archiveVersion = 1;
	classes = {
	};
	objectVersion = 77;
	objects = {

/* Begin PBXBuildFile section */
		FB838A6B2F90839900C94942 /* DataExportManager.swift in Sources */ = {isa = PBXBuildFile; fileRef = FB838A6A2F90839800C94942 /* DataExportManager.swift */; };
		FB838A6D2F9083BC00C94942 /* DataImportManager.swift in Sources */ = {isa = PBXBuildFile; fileRef = FB838A6C2F9083BC00C94942 /* DataImportManager.swift */; };
		FB838A6F2F9083EA00C94942 /* ImportExportView.swift in Sources */ = {isa = PBXBuildFile; fileRef = FB838A6E2F9083EA00C94942 /* ImportExportView.swift */; };
		FB838A712F90840200C94942 /* ImportExportQuickActions.swift in Sources */ = {isa = PBXBuildFile; fileRef = FB838A702F90840200C94942 /* ImportExportQuickActions.swift */; };
		FB838A732F90843500C94942 /* IMPORT_EXPORT_GUIDE.md in Resources */ = {isa = PBXBuildFile; fileRef = FB838A722F90843500C94942 /* IMPORT_EXPORT_GUIDE.md */; };
		FB838A752F90845B00C94942 /* ImportExportIntegrationExamples.swift in Sources */ = {isa = PBXBuildFile; fileRef = FB838A742F90845B00C94942 /* ImportExportIntegrationExamples.swift */; };
		FB838A772F90848B00C94942 /* DataValidationUtilities.swift in Sources */ = {isa = PBXBuildFile; fileRef = FB838A762F90848B00C94942 /* DataValidationUtilities.swift */; };
		FB838A792F9084BF00C94942 /* QUICK_START_IMPORT_EXPORT.md in Resources */ = {isa = PBXBuildFile; fileRef = FB838A782F9084BF00C94942 /* QUICK_START_IMPORT_EXPORT.md */; };
		FB838A7B2F9084EF00C94942 /* IMPORT_EXPORT_README.md in Resources */ = {isa = PBXBuildFile; fileRef = FB838A7A2F9084EF00C94942 /* IMPORT_EXPORT_README.md */; };
/* End PBXBuildFile section */

/* Begin PBXFileReference section */
		FB4E20572F8B3E980015D127 /* PoolLab2.app */ = {isa = PBXFileReference; explicitFileType = wrapper.application; includeInIndex = 0; path = PoolLab2.app; sourceTree = BUILT_PRODUCTS_DIR; };
		FB838A6A2F90839800C94942 /* DataExportManager.swift */ = {isa = PBXFileReference; lastKnownFileType = sourcecode.swift; path = DataExportManager.swift; sourceTree = "<group>"; };
		FB838A6C2F9083BC00C94942 /* DataImportManager.swift */ = {isa = PBXFileReference; lastKnownFileType = sourcecode.swift; path = DataImportManager.swift; sourceTree = "<group>"; };
		FB838A6E2F9083EA00C94942 /* ImportExportView.swift */ = {isa = PBXFileReference; lastKnownFileType = sourcecode.swift; path = ImportExportView.swift; sourceTree = "<group>"; };
		FB838A702F90840200C94942 /* ImportExportQuickActions.swift */ = {isa = PBXFileReference; lastKnownFileType = sourcecode.swift; path = ImportExportQuickActions.swift; sourceTree = "<group>"; };
		FB838A722F90843500C94942 /* IMPORT_EXPORT_GUIDE.md */ = {isa = PBXFileReference; lastKnownFileType = net.daringfireball.markdown; path = IMPORT_EXPORT_GUIDE.md; sourceTree = "<group>"; };
		FB838A742F90845B00C94942 /* ImportExportIntegrationExamples.swift */ = {isa = PBXFileReference; lastKnownFileType = sourcecode.swift; path = ImportExportIntegrationExamples.swift; sourceTree = "<group>"; };
		FB838A762F90848B00C94942 /* DataValidationUtilities.swift */ = {isa = PBXFileReference; lastKnownFileType = sourcecode.swift; path = DataValidationUtilities.swift; sourceTree = "<group>"; };
		FB838A782F9084BF00C94942 /* QUICK_START_IMPORT_EXPORT.md */ = {isa = PBXFileReference; lastKnownFileType = net.daringfireball.markdown; path = QUICK_START_IMPORT_EXPORT.md; sourceTree = "<group>"; };
		FB838A7A2F9084EF00C94942 /* IMPORT_EXPORT_README.md */ = {isa = PBXFileReference; lastKnownFileType = net.daringfireball.markdown; path = IMPORT_EXPORT_README.md; sourceTree = "<group>"; };
/* End PBXFileReference section */

/* Begin PBXFileSystemSynchronizedRootGroup section */
		FB4E20592F8B3E980015D127 /* PoolLab2 */ = {
			isa = PBXFileSystemSynchronizedRootGroup;
			path = PoolLab2;
			sourceTree = "<group>";
		};
/* End PBXFileSystemSynchronizedRootGroup section */

/* Begin PBXFrameworksBuildPhase section */
		FB4E20542F8B3E980015D127 /* Frameworks */ = {
			isa = PBXFrameworksBuildPhase;
			buildActionMask = 2147483647;
			files = (
			);
			runOnlyForDeploymentPostprocessing = 0;
		};
/* End PBXFrameworksBuildPhase section */

/* Begin PBXGroup section */
		FB4E204E2F8B3E980015D127 = {
			isa = PBXGroup;
			children = (
				FB4E20592F8B3E980015D127 /* PoolLab2 */,
				FB4E20582F8B3E980015D127 /* Products */,
				FB838A6A2F90839800C94942 /* DataExportManager.swift */,
				FB838A6C2F9083BC00C94942 /* DataImportManager.swift */,
				FB838A6E2F9083EA00C94942 /* ImportExportView.swift */,
				FB838A702F90840200C94942 /* ImportExportQuickActions.swift */,
				FB838A722F90843500C94942 /* IMPORT_EXPORT_GUIDE.md */,
				FB838A742F90845B00C94942 /* ImportExportIntegrationExamples.swift */,
				FB838A762F90848B00C94942 /* DataValidationUtilities.swift */,
				FB838A782F9084BF00C94942 /* QUICK_START_IMPORT_EXPORT.md */,
				FB838A7A2F9084EF00C94942 /* IMPORT_EXPORT_README.md */,
			);
			sourceTree = "<group>";
		};
		FB4E20582F8B3E980015D127 /* Products */ = {
			isa = PBXGroup;
			children = (
				FB4E20572F8B3E980015D127 /* PoolLab2.app */,
			);
			name = Products;
			sourceTree = "<group>";
		};
/* End PBXGroup section */

/* Begin PBXNativeTarget section */
		FB4E20562F8B3E980015D127 /* PoolLab2 */ = {
			isa = PBXNativeTarget;
			buildConfigurationList = FB4E20622F8B3E990015D127 /* Build configuration list for PBXNativeTarget "PoolLab2" */;
			buildPhases = (
				FB4E20532F8B3E980015D127 /* Sources */,
				FB4E20542F8B3E980015D127 /* Frameworks */,
				FB4E20552F8B3E980015D127 /* Resources */,
			);
			buildRules = (
			);
			dependencies = (
			);
			fileSystemSynchronizedGroups = (
				FB4E20592F8B3E980015D127 /* PoolLab2 */,
			);
			name = PoolLab2;
			packageProductDependencies = (
			);
			productName = PoolLab2;
			productReference = FB4E20572F8B3E980015D127 /* PoolLab2.app */;
			productType = "com.apple.product-type.application";
		};
/* End PBXNativeTarget section */

/* Begin PBXProject section */
		FB4E204F2F8B3E980015D127 /* Project object */ = {
			isa = PBXProject;
			attributes = {
				BuildIndependentTargetsInParallel = 1;
				LastSwiftUpdateCheck = 2640;
				LastUpgradeCheck = 2640;
				TargetAttributes = {
					FB4E20562F8B3E980015D127 = {
						CreatedOnToolsVersion = 26.4;
					};
				};
			};
			buildConfigurationList = FB4E20522F8B3E980015D127 /* Build configuration list for PBXProject "PoolLab2" */;
			developmentRegion = en;
			hasScannedForEncodings = 0;
			knownRegions = (
				en,
				Base,
			);
			mainGroup = FB4E204E2F8B3E980015D127;
			minimizedProjectReferenceProxies = 1;
			preferredProjectObjectVersion = 77;
			productRefGroup = FB4E20582F8B3E980015D127 /* Products */;
			projectDirPath = "";
			projectRoot = "";
			targets = (
				FB4E20562F8B3E980015D127 /* PoolLab2 */,
			);
		};
/* End PBXProject section */

/* Begin PBXResourcesBuildPhase section */
		FB4E20552F8B3E980015D127 /* Resources */ = {
			isa = PBXResourcesBuildPhase;
			buildActionMask = 2147483647;
			files = (
				FB838A732F90843500C94942 /* IMPORT_EXPORT_GUIDE.md in Resources */,
				FB838A792F9084BF00C94942 /* QUICK_START_IMPORT_EXPORT.md in Resources */,
				FB838A7B2F9084EF00C94942 /* IMPORT_EXPORT_README.md in Resources */,
			);
			runOnlyForDeploymentPostprocessing = 0;
		};
/* End PBXResourcesBuildPhase section */

/* Begin PBXSourcesBuildPhase section */
		FB4E20532F8B3E980015D127 /* Sources */ = {
			isa = PBXSourcesBuildPhase;
			buildActionMask = 2147483647;
			files = (
				FB838A752F90845B00C94942 /* ImportExportIntegrationExamples.swift in Sources */,
				FB838A6F2F9083EA00C94942 /* ImportExportView.swift in Sources */,
				FB838A712F90840200C94942 /* ImportExportQuickActions.swift in Sources */,
				FB838A6D2F9083BC00C94942 /* DataImportManager.swift in Sources */,
				FB838A772F90848B00C94942 /* DataValidationUtilities.swift in Sources */,
				FB838A6B2F90839900C94942 /* DataExportManager.swift in Sources */,
			);
			runOnlyForDeploymentPostprocessing = 0;
		};
/* End PBXSourcesBuildPhase section */

/* Begin XCBuildConfiguration section */
		FB4E20602F8B3E990015D127 /* Debug */ = {
			isa = XCBuildConfiguration;
			buildSettings = {
				ALWAYS_SEARCH_USER_PATHS = NO;
				ASSETCATALOG_COMPILER_GENERATE_SWIFT_ASSET_SYMBOL_EXTENSIONS = YES;
				CLANG_ANALYZER_NONNULL = YES;
				CLANG_ANALYZER_NUMBER_OBJECT_CONVERSION = YES_AGGRESSIVE;
				CLANG_CXX_LANGUAGE_STANDARD = "gnu++20";
				CLANG_ENABLE_MODULES = YES;
				CLANG_ENABLE_OBJC_ARC = YES;
				CLANG_ENABLE_OBJC_WEAK = YES;
				CLANG_WARN_BLOCK_CAPTURE_AUTORELEASING = YES;
				CLANG_WARN_BOOL_CONVERSION = YES;
				CLANG_WARN_COMMA = YES;
				CLANG_WARN_CONSTANT_CONVERSION = YES;
				CLANG_WARN_DEPRECATED_OBJC_IMPLEMENTATIONS = YES;
				CLANG_WARN_DIRECT_OBJC_ISA_USAGE = YES_ERROR;
				CLANG_WARN_DOCUMENTATION_COMMENTS = YES;
				CLANG_WARN_EMPTY_BODY = YES;
				CLANG_WARN_ENUM_CONVERSION = YES;
				CLANG_WARN_INFINITE_RECURSION = YES;
				CLANG_WARN_INT_CONVERSION = YES;
				CLANG_WARN_NON_LITERAL_NULL_CONVERSION = YES;
				CLANG_WARN_OBJC_IMPLICIT_RETAIN_SELF = YES;
				CLANG_WARN_OBJC_LITERAL_CONVERSION = YES;
				CLANG_WARN_OBJC_ROOT_CLASS = YES_ERROR;
				CLANG_WARN_QUOTED_INCLUDE_IN_FRAMEWORK_HEADER = YES;
				CLANG_WARN_RANGE_LOOP_ANALYSIS = YES;
				CLANG_WARN_STRICT_PROTOTYPES = YES;
				CLANG_WARN_SUSPICIOUS_MOVE = YES;
				CLANG_WARN_UNGUARDED_AVAILABILITY = YES_AGGRESSIVE;
				CLANG_WARN_UNREACHABLE_CODE = YES;
				CLANG_WARN__DUPLICATE_METHOD_MATCH = YES;
				COPY_PHASE_STRIP = NO;
				DEBUG_INFORMATION_FORMAT = dwarf;
				ENABLE_STRICT_OBJC_MSGSEND = YES;
				ENABLE_TESTABILITY = YES;
				ENABLE_USER_SCRIPT_SANDBOXING = YES;
				GCC_C_LANGUAGE_STANDARD = gnu17;
				GCC_DYNAMIC_NO_PIC = NO;
				GCC_NO_COMMON_BLOCKS = YES;
				GCC_OPTIMIZATION_LEVEL = 0;
				GCC_PREPROCESSOR_DEFINITIONS = (
					"DEBUG=1",
					"$(inherited)",
				);
				GCC_WARN_64_TO_32_BIT_CONVERSION = YES;
				GCC_WARN_ABOUT_RETURN_TYPE = YES_ERROR;
				GCC_WARN_UNDECLARED_SELECTOR = YES;
				GCC_WARN_UNINITIALIZED_AUTOS = YES_AGGRESSIVE;
				GCC_WARN_UNUSED_FUNCTION = YES;
				GCC_WARN_UNUSED_VARIABLE = YES;
				IPHONEOS_DEPLOYMENT_TARGET = 26.4;
				LOCALIZATION_PREFERS_STRING_CATALOGS = YES;
				MTL_ENABLE_DEBUG_INFO = INCLUDE_SOURCE;
				MTL_FAST_MATH = YES;
				ONLY_ACTIVE_ARCH = YES;
				SDKROOT = iphoneos;
				SWIFT_ACTIVE_COMPILATION_CONDITIONS = "DEBUG $(inherited)";
				SWIFT_OPTIMIZATION_LEVEL = "-Onone";
			};
			name = Debug;
		};
		FB4E20612F8B3E990015D127 /* Release */ = {
			isa = XCBuildConfiguration;
			buildSettings = {
				ALWAYS_SEARCH_USER_PATHS = NO;
				ASSETCATALOG_COMPILER_GENERATE_SWIFT_ASSET_SYMBOL_EXTENSIONS = YES;
				CLANG_ANALYZER_NONNULL = YES;
				CLANG_ANALYZER_NUMBER_OBJECT_CONVERSION = YES_AGGRESSIVE;
				CLANG_CXX_LANGUAGE_STANDARD = "gnu++20";
				CLANG_ENABLE_MODULES = YES;
				CLANG_ENABLE_OBJC_ARC = YES;
				CLANG_ENABLE_OBJC_WEAK = YES;
				CLANG_WARN_BLOCK_CAPTURE_AUTORELEASING = YES;
				CLANG_WARN_BOOL_CONVERSION = YES;
				CLANG_WARN_COMMA = YES;
				CLANG_WARN_CONSTANT_CONVERSION = YES;
				CLANG_WARN_DEPRECATED_OBJC_IMPLEMENTATIONS = YES;
				CLANG_WARN_DIRECT_OBJC_ISA_USAGE = YES_ERROR;
				CLANG_WARN_DOCUMENTATION_COMMENTS = YES;
				CLANG_WARN_EMPTY_BODY = YES;
				CLANG_WARN_ENUM_CONVERSION = YES;
				CLANG_WARN_INFINITE_RECURSION = YES;
				CLANG_WARN_INT_CONVERSION = YES;
				CLANG_WARN_NON_LITERAL_NULL_CONVERSION = YES;
				CLANG_WARN_OBJC_IMPLICIT_RETAIN_SELF = YES;
				CLANG_WARN_OBJC_LITERAL_CONVERSION = YES;
				CLANG_WARN_OBJC_ROOT_CLASS = YES_ERROR;
				CLANG_WARN_QUOTED_INCLUDE_IN_FRAMEWORK_HEADER = YES;
				CLANG_WARN_RANGE_LOOP_ANALYSIS = YES;
				CLANG_WARN_STRICT_PROTOTYPES = YES;
				CLANG_WARN_SUSPICIOUS_MOVE = YES;
				CLANG_WARN_UNGUARDED_AVAILABILITY = YES_AGGRESSIVE;
				CLANG_WARN_UNREACHABLE_CODE = YES;
				CLANG_WARN__DUPLICATE_METHOD_MATCH = YES;
				COPY_PHASE_STRIP = NO;
				DEBUG_INFORMATION_FORMAT = "dwarf-with-dsym";
				ENABLE_NS_ASSERTIONS = NO;
				ENABLE_STRICT_OBJC_MSGSEND = YES;
				ENABLE_USER_SCRIPT_SANDBOXING = YES;
				GCC_C_LANGUAGE_STANDARD = gnu17;
				GCC_NO_COMMON_BLOCKS = YES;
				GCC_WARN_64_TO_32_BIT_CONVERSION = YES;
				GCC_WARN_ABOUT_RETURN_TYPE = YES_ERROR;
				GCC_WARN_UNDECLARED_SELECTOR = YES;
				GCC_WARN_UNINITIALIZED_AUTOS = YES_AGGRESSIVE;
				GCC_WARN_UNUSED_FUNCTION = YES;
				GCC_WARN_UNUSED_VARIABLE = YES;
				IPHONEOS_DEPLOYMENT_TARGET = 26.4;
				LOCALIZATION_PREFERS_STRING_CATALOGS = YES;
				MTL_ENABLE_DEBUG_INFO = NO;
				MTL_FAST_MATH = YES;
				SDKROOT = iphoneos;
				SWIFT_COMPILATION_MODE = wholemodule;
				VALIDATE_PRODUCT = YES;
			};
			name = Release;
		};
		FB4E20632F8B3E990015D127 /* Debug */ = {
			isa = XCBuildConfiguration;
			buildSettings = {
				ASSETCATALOG_COMPILER_APPICON_NAME = AppIcon;
				ASSETCATALOG_COMPILER_GLOBAL_ACCENT_COLOR_NAME = AccentColor;
				CODE_SIGN_STYLE = Automatic;
				CURRENT_PROJECT_VERSION = 1;
				DEVELOPMENT_TEAM = PX6H42MS5N;
				ENABLE_PREVIEWS = YES;
				GENERATE_INFOPLIST_FILE = YES;
				INFOPLIST_KEY_UIApplicationSceneManifest_Generation = YES;
				INFOPLIST_KEY_UIApplicationSupportsIndirectInputEvents = YES;
				INFOPLIST_KEY_UILaunchScreen_Generation = YES;
				INFOPLIST_KEY_UISupportedInterfaceOrientations_iPad = "UIInterfaceOrientationPortrait UIInterfaceOrientationPortraitUpsideDown UIInterfaceOrientationLandscapeLeft UIInterfaceOrientationLandscapeRight";
				INFOPLIST_KEY_UISupportedInterfaceOrientations_iPhone = "UIInterfaceOrientationPortrait UIInterfaceOrientationLandscapeLeft UIInterfaceOrientationLandscapeRight";
				LD_RUNPATH_SEARCH_PATHS = (
					"$(inherited)",
					"@executable_path/Frameworks",
				);
				MARKETING_VERSION = 1.0;
				PRODUCT_BUNDLE_IDENTIFIER = mlab.PoolLab2;
				PRODUCT_NAME = "$(TARGET_NAME)";
				STRING_CATALOG_GENERATE_SYMBOLS = YES;
				SWIFT_APPROACHABLE_CONCURRENCY = YES;
				SWIFT_DEFAULT_ACTOR_ISOLATION = MainActor;
				SWIFT_EMIT_LOC_STRINGS = YES;
				SWIFT_UPCOMING_FEATURE_MEMBER_IMPORT_VISIBILITY = YES;
				SWIFT_VERSION = 5.0;
				TARGETED_DEVICE_FAMILY = "1,2";
			};
			name = Debug;
		};
		FB4E20642F8B3E990015D127 /* Release */ = {
			isa = XCBuildConfiguration;
			buildSettings = {
				ASSETCATALOG_COMPILER_APPICON_NAME = AppIcon;
				ASSETCATALOG_COMPILER_GLOBAL_ACCENT_COLOR_NAME = AccentColor;
				CODE_SIGN_STYLE = Automatic;
				CURRENT_PROJECT_VERSION = 1;
				DEVELOPMENT_TEAM = PX6H42MS5N;
				ENABLE_PREVIEWS = YES;
				GENERATE_INFOPLIST_FILE = YES;
				INFOPLIST_KEY_UIApplicationSceneManifest_Generation = YES;
				INFOPLIST_KEY_UIApplicationSupportsIndirectInputEvents = YES;
				INFOPLIST_KEY_UILaunchScreen_Generation = YES;
				INFOPLIST_KEY_UISupportedInterfaceOrientations_iPad = "UIInterfaceOrientationPortrait UIInterfaceOrientationPortraitUpsideDown UIInterfaceOrientationLandscapeLeft UIInterfaceOrientationLandscapeRight";
				INFOPLIST_KEY_UISupportedInterfaceOrientations_iPhone = "UIInterfaceOrientationPortrait UIInterfaceOrientationLandscapeLeft UIInterfaceOrientationLandscapeRight";
				LD_RUNPATH_SEARCH_PATHS = (
					"$(inherited)",
					"@executable_path/Frameworks",
				);
				MARKETING_VERSION = 1.0;
				PRODUCT_BUNDLE_IDENTIFIER = mlab.PoolLab2;
				PRODUCT_NAME = "$(TARGET_NAME)";
				STRING_CATALOG_GENERATE_SYMBOLS = YES;
				SWIFT_APPROACHABLE_CONCURRENCY = YES;
				SWIFT_DEFAULT_ACTOR_ISOLATION = MainActor;
				SWIFT_EMIT_LOC_STRINGS = YES;
				SWIFT_UPCOMING_FEATURE_MEMBER_IMPORT_VISIBILITY = YES;
				SWIFT_VERSION = 5.0;
				TARGETED_DEVICE_FAMILY = "1,2";
			};
			name = Release;
		};
/* End XCBuildConfiguration section */

/* Begin XCConfigurationList section */
		FB4E20522F8B3E980015D127 /* Build configuration list for PBXProject "PoolLab2" */ = {
			isa = XCConfigurationList;
			buildConfigurations = (
				FB4E20602F8B3E990015D127 /* Debug */,
				FB4E20612F8B3E990015D127 /* Release */,
			);
			defaultConfigurationIsVisible = 0;
			defaultConfigurationName = Release;
		};
		FB4E20622F8B3E990015D127 /* Build configuration list for PBXNativeTarget "PoolLab2" */ = {
			isa = XCConfigurationList;
			buildConfigurations = (
				FB4E20632F8B3E990015D127 /* Debug */,
				FB4E20642F8B3E990015D127 /* Release */,
			);
			defaultConfigurationIsVisible = 0;
			defaultConfigurationName = Release;
		};
/* End XCConfigurationList section */
	};
	rootObject = FB4E204F2F8B3E980015D127 /* Project object */;
}
